
Microsoft Visual Studio Solution File, Format Version 12.00
# Visual Studio 15
VisualStudioVersion = 15.0.28010.2036
MinimumVisualStudioVersion = 10.0.40219.1
Project("{FAE04EC0-301F-11D3-BF4B-00C04F79EFBC}") = "QuanLyChuyenDe", "QuanLyChuyenDe\QuanLyChuyenDe.csproj", "{BDBAD46F-125A-407C-A5CB-7183CD2D47A2}"
EndProject
Project("{FAE04EC0-301F-11D3-BF4B-00C04F79EFBC}") = "DTO", "DTO\DTO.csproj", "{DAE93980-3B05-4DB3-8CB3-30F6175946D9}"
EndProject
Project("{FAE04EC0-301F-11D3-BF4B-00C04F79EFBC}") = "DAL", "DAL\DAL.csproj", "{1D102FC2-D396-4455-A26D-6E902D2A14E3}"
EndProject
Project("{FAE04EC0-301F-11D3-BF4B-00C04F79EFBC}") = "BUS", "BUS\BUS.csproj", "{D6B9228A-0C40-49FC-9238-22C9006CC396}"
EndProject
Global
	GlobalSection(SolutionConfigurationPlatforms) = preSolution
		Debug|Any CPU = Debug|Any CPU
		Release|Any CPU = Release|Any CPU
	EndGlobalSection
	GlobalSection(ProjectConfigurationPlatforms) = postSolution
		{BDBAD46F-125A-407C-A5CB-7183CD2D47A2}.Debug|Any CPU.ActiveCfg = Debug|Any CPU
		{BDBAD46F-125A-407C-A5CB-7183CD2D47A2}.Debug|Any CPU.Build.0 = Debug|Any CPU
		{BDBAD46F-125A-407C-A5CB-7183CD2D47A2}.Release|Any CPU.ActiveCfg = Release|Any CPU
		{BDBAD46F-125A-407C-A5CB-7183CD2D47A2}.Release|Any CPU.Build.0 = Release|Any CPU
		{DAE93980-3B05-4DB3-8CB3-30F6175946D9}.Debug|Any CPU.ActiveCfg = Debug|Any CPU
		{DAE93980-3B05-4DB3-8CB3-30F6175946D9}.Debug|Any CPU.Build.0 = Debug|Any CPU
		{DAE93980-3B05-4DB3-8CB3-30F6175946D9}.Release|Any CPU.ActiveCfg = Release|Any CPU
		{DAE93980-3B05-4DB3-8CB3-30F6175946D9}.Release|Any CPU.Build.0 = Release|Any CPU
		{1D102FC2-D396-4455-A26D-6E902D2A14E3}.Debug|Any CPU.ActiveCfg = Debug|Any CPU
		{1D102FC2-D396-4455-A26D-6E902D2A14E3}.Debug|Any CPU.Build.0 = Debug|Any CPU
		{1D102FC2-D396-4455-A26D-6E902D2A14E3}.Release|Any CPU.ActiveCfg = Release|Any CPU
		{1D102FC2-D396-4455-A26D-6E902D2A14E3}.Release|Any CPU.Build.0 = Release|Any CPU
		{D6B9228A-0C40-49FC-9238-22C9006CC396}.Debug|Any CPU.ActiveCfg = Debug|Any CPU
		{D6B9228A-0C40-49FC-9238-22C9006CC396}.Debug|Any CPU.Build.0 = Debug|Any CPU
		{D6B9228A-0C40-49FC-9238-22C9006CC396}.Release|Any CPU.ActiveCfg = Release|Any CPU
		{D6B9228A-0C40-49FC-9238-22C9006CC396}.Release|Any CPU.Build.0 = Release|Any CPU
	EndGlobalSection
	GlobalSection(SolutionProperties) = preSolution
		HideSolutionNode = FALSE
	EndGlobalSection
	GlobalSection(ExtensibilityGlobals) = postSolution
		SolutionGuid = {14E0AD5B-6FFB-4350-974E-6EB62E4A096A}
	EndGlobalSection
EndGlobal
